
Microsoft Visual Studio Solution File, Format Version 12.00
# Visual Studio Version 17
VisualStudioVersion = 17.11.35312.102
MinimumVisualStudioVersion = 10.0.40219.1
Project("{2150E333-8FDC-42A3-9474-1A3956D46DE8}") = "AuthService", "AuthService", "{D242EB7C-1B2D-4336-B69B-C15C6F643624}"
	ProjectSection(SolutionItems) = preProject
		AuthService\.dockerignore = AuthService\.dockerignore
		AuthService\Dockerfile = AuthService\Dockerfile
	EndProjectSection
EndProject
Project("{2150E333-8FDC-42A3-9474-1A3956D46DE8}") = "EmailService", "EmailService", "{2415DC03-7838-417C-84EB-FF8F1255D7B3}"
	ProjectSection(SolutionItems) = preProject
		EmailService\.dockerignore = EmailService\.dockerignore
		EmailService\Dockerfile = EmailService\Dockerfile
	EndProjectSection
EndProject
Project("{2150E333-8FDC-42A3-9474-1A3956D46DE8}") = "AdminService", "AdminService", "{26AB1AD0-A71D-4C0B-9318-BC02A8E585E9}"
	ProjectSection(SolutionItems) = preProject
		AdminService\.dockerignore = AdminService\.dockerignore
		AdminService\Dockerfile = AdminService\Dockerfile
	EndProjectSection
EndProject
Project("{2150E333-8FDC-42A3-9474-1A3956D46DE8}") = "K8S", "K8S", "{E0954A75-CFE9-43D9-870E-5A3795D53E13}"
	ProjectSection(SolutionItems) = preProject
		K8S\admin-service.yaml = K8S\admin-service.yaml
		K8S\auth-db.yaml = K8S\auth-db.yaml
		K8S\auth-service.yaml = K8S\auth-service.yaml
		K8S\email-service.yaml = K8S\email-service.yaml
		K8S\ingress.yaml = K8S\ingress.yaml
		K8S\log-db.yaml = K8S\log-db.yaml
		K8S\rabbitmq.yaml = K8S\rabbitmq.yaml
		K8S\secrets.yaml = K8S\secrets.yaml
	EndProjectSection
EndProject
Project("{2150E333-8FDC-42A3-9474-1A3956D46DE8}") = "Solution Items", "Solution Items", "{C1DE214D-67B3-422A-8D31-4B9AC2DCAA45}"
	ProjectSection(SolutionItems) = preProject
		.gitignore = .gitignore
		LICENSE = LICENSE
		README.md = README.md
	EndProjectSection
EndProject
Project("{2150E333-8FDC-42A3-9474-1A3956D46DE8}") = "src", "src", "{B373945B-D575-4F7F-A7AC-833DD6C61189}"
EndProject
Project("{2150E333-8FDC-42A3-9474-1A3956D46DE8}") = "test", "test", "{40861407-2DAA-4E80-AF4C-2960383438FB}"
EndProject
Project("{2150E333-8FDC-42A3-9474-1A3956D46DE8}") = "UnitTests", "UnitTests", "{F5201968-F0A8-4949-8966-E53C132CC044}"
EndProject
Project("{2150E333-8FDC-42A3-9474-1A3956D46DE8}") = "IntegrationTests", "IntegrationTests", "{B55E5A1C-4294-4027-A937-7115453FA083}"
EndProject
Project("{9A19103F-16F7-4668-BE54-9A1E7A4F7556}") = "AuthService.Api", "AuthService\src\AuthService.Api\AuthService.Api.csproj", "{BF7D0367-3A10-4957-B571-495A2AEE5FF3}"
EndProject
Project("{9A19103F-16F7-4668-BE54-9A1E7A4F7556}") = "AuthService.Application", "AuthService\src\AuthService.Application\AuthService.Application.csproj", "{98534EA1-F0D9-4AF0-8578-82DFE921CD65}"
EndProject
Project("{9A19103F-16F7-4668-BE54-9A1E7A4F7556}") = "AuthService.Infrastructure", "AuthService\src\AuthService.Infrastructure\AuthService.Infrastructure.csproj", "{8230214D-20BB-408D-B718-F77F6EBB9F7E}"
EndProject
Project("{9A19103F-16F7-4668-BE54-9A1E7A4F7556}") = "AuthService.Persistence", "AuthService\src\AuthService.Persistence\AuthService.Persistence.csproj", "{79F5BA8D-F88C-42C8-A62E-2893CA18A4C4}"
EndProject
Project("{9A19103F-16F7-4668-BE54-9A1E7A4F7556}") = "AuthService.Test.Utility", "AuthService\test\AuthService.Test.Utility\AuthService.Test.Utility.csproj", "{3B13A675-C36A-4D2B-8EDE-F7F9B67CD016}"
EndProject
Project("{9A19103F-16F7-4668-BE54-9A1E7A4F7556}") = "AuthService.Test.Unit.Application", "AuthService\test\UnitTests\AuthService.Test.Unit.Application\AuthService.Test.Unit.Application.csproj", "{B9489F92-8140-4F73-94DC-7494628B70FC}"
EndProject
Project("{9A19103F-16F7-4668-BE54-9A1E7A4F7556}") = "AuthService.Test.Unit.Infrastructure", "AuthService\test\UnitTests\AuthService.Test.Unit.Infrastructure\AuthService.Test.Unit.Infrastructure.csproj", "{6FE7A03C-2ECB-4199-8514-1C35DA173A65}"
EndProject
Project("{9A19103F-16F7-4668-BE54-9A1E7A4F7556}") = "AuthService.Test.Unit.Persistence", "AuthService\test\UnitTests\AuthService.Test.Unit.Persistence\AuthService.Test.Unit.Persistence.csproj", "{A8083816-083F-4A5A-A682-A121F785093A}"
EndProject
Project("{9A19103F-16F7-4668-BE54-9A1E7A4F7556}") = "AuthService.Test.Integration.Api", "AuthService\test\IntegrationTests\AuthService.Test.Integration.Api\AuthService.Test.Integration.Api.csproj", "{2842ECCA-FFA2-4C1C-AA0F-27B1CE938591}"
EndProject
Project("{9A19103F-16F7-4668-BE54-9A1E7A4F7556}") = "AuthService.Test.Integration.Persistence", "AuthService\test\IntegrationTests\AuthService.Test.Integration.Persistence\AuthService.Test.Integration.Persistence.csproj", "{317A4FC6-A405-4358-8D1A-F2E82D5ADF14}"
EndProject
Project("{2150E333-8FDC-42A3-9474-1A3956D46DE8}") = "src", "src", "{1D789254-9544-4008-89ED-391FEF3E8973}"
EndProject
Project("{2150E333-8FDC-42A3-9474-1A3956D46DE8}") = "test", "test", "{EEDF37EC-E84D-423A-9ED3-499940FE7636}"
EndProject
Project("{9A19103F-16F7-4668-BE54-9A1E7A4F7556}") = "EmailService.Worker", "EmailService\src\EmailService.Worker\EmailService.Worker.csproj", "{BBC5094D-2B53-48B0-8E8D-0B44314BD317}"
EndProject
Project("{2150E333-8FDC-42A3-9474-1A3956D46DE8}") = "UnitTests", "UnitTests", "{C03982BF-A9A9-4159-8ACC-FFF0C6AB1767}"
EndProject
Project("{9A19103F-16F7-4668-BE54-9A1E7A4F7556}") = "EmailService.Test.Utility", "EmailService\test\EmailService.Test.Utility\EmailService.Test.Utility.csproj", "{8260BB5B-E4A3-4AD7-92A6-F019C334E88C}"
EndProject
Project("{9A19103F-16F7-4668-BE54-9A1E7A4F7556}") = "EmailService.Test.Unit.Worker", "EmailService\test\UnitTests\EmailService.Test.Unit.Worker\EmailService.Test.Unit.Worker.csproj", "{E2208C73-EB2D-4CDE-90DC-ECDE6B6CE27E}"
EndProject
Project("{2150E333-8FDC-42A3-9474-1A3956D46DE8}") = "IntegrationTests", "IntegrationTests", "{99BD53A3-16E6-417A-98FA-7DCC7D2E5ACF}"
EndProject
Project("{9A19103F-16F7-4668-BE54-9A1E7A4F7556}") = "EmailService.Test.Integration.Worker", "EmailService\test\IntegrationTests\EmailService.Test.Integration.Worker\EmailService.Test.Integration.Worker.csproj", "{CE459382-0F46-431C-8DAD-07690CB55FC2}"
EndProject
Project("{9A19103F-16F7-4668-BE54-9A1E7A4F7556}") = "AuthService.Test.Integration.Infrastructure", "AuthService\test\IntegrationTests\AuthService.Test.Integration.Infrastructure\AuthService.Test.Integration.Infrastructure.csproj", "{2A62B07D-0A7B-466A-A689-77E9968EFC95}"
EndProject
Project("{2150E333-8FDC-42A3-9474-1A3956D46DE8}") = "src", "src", "{22001DF7-9687-4199-999A-9AFB02DB3A44}"
EndProject
Project("{9A19103F-16F7-4668-BE54-9A1E7A4F7556}") = "AdminService.Api", "AdminService\src\AdminService.Api\AdminService.Api.csproj", "{D74E408C-A2CC-45F1-A752-19CC3EC30F73}"
EndProject
Project("{9A19103F-16F7-4668-BE54-9A1E7A4F7556}") = "AdminService.Application", "AdminService\src\AdminService.Application\AdminService.Application.csproj", "{8CC67BAD-C296-4BBF-B57F-E964C232E5C4}"
EndProject
Project("{9A19103F-16F7-4668-BE54-9A1E7A4F7556}") = "AuthService.Domain", "AuthService\src\AuthService.Domain\AuthService.Domain.csproj", "{C8E44908-4DCE-4768-858A-EA74E92EFAA2}"
EndProject
Project("{9A19103F-16F7-4668-BE54-9A1E7A4F7556}") = "AdminService.Infrastructure", "AdminService\src\AdminService.Infrastructure\AdminService.Infrastructure.csproj", "{66A8271C-7D88-4FDC-9A44-44227F5E9641}"
EndProject
Global
	GlobalSection(SolutionConfigurationPlatforms) = preSolution
		Debug|Any CPU = Debug|Any CPU
		Release|Any CPU = Release|Any CPU
	EndGlobalSection
	GlobalSection(ProjectConfigurationPlatforms) = postSolution
		{BF7D0367-3A10-4957-B571-495A2AEE5FF3}.Debug|Any CPU.ActiveCfg = Debug|Any CPU
		{BF7D0367-3A10-4957-B571-495A2AEE5FF3}.Debug|Any CPU.Build.0 = Debug|Any CPU
		{BF7D0367-3A10-4957-B571-495A2AEE5FF3}.Release|Any CPU.ActiveCfg = Release|Any CPU
		{BF7D0367-3A10-4957-B571-495A2AEE5FF3}.Release|Any CPU.Build.0 = Release|Any CPU
		{98534EA1-F0D9-4AF0-8578-82DFE921CD65}.Debug|Any CPU.ActiveCfg = Debug|Any CPU
		{98534EA1-F0D9-4AF0-8578-82DFE921CD65}.Debug|Any CPU.Build.0 = Debug|Any CPU
		{98534EA1-F0D9-4AF0-8578-82DFE921CD65}.Release|Any CPU.ActiveCfg = Release|Any CPU
		{98534EA1-F0D9-4AF0-8578-82DFE921CD65}.Release|Any CPU.Build.0 = Release|Any CPU
		{8230214D-20BB-408D-B718-F77F6EBB9F7E}.Debug|Any CPU.ActiveCfg = Debug|Any CPU
		{8230214D-20BB-408D-B718-F77F6EBB9F7E}.Debug|Any CPU.Build.0 = Debug|Any CPU
		{8230214D-20BB-408D-B718-F77F6EBB9F7E}.Release|Any CPU.ActiveCfg = Release|Any CPU
		{8230214D-20BB-408D-B718-F77F6EBB9F7E}.Release|Any CPU.Build.0 = Release|Any CPU
		{79F5BA8D-F88C-42C8-A62E-2893CA18A4C4}.Debug|Any CPU.ActiveCfg = Debug|Any CPU
		{79F5BA8D-F88C-42C8-A62E-2893CA18A4C4}.Debug|Any CPU.Build.0 = Debug|Any CPU
		{79F5BA8D-F88C-42C8-A62E-2893CA18A4C4}.Release|Any CPU.ActiveCfg = Release|Any CPU
		{79F5BA8D-F88C-42C8-A62E-2893CA18A4C4}.Release|Any CPU.Build.0 = Release|Any CPU
		{3B13A675-C36A-4D2B-8EDE-F7F9B67CD016}.Debug|Any CPU.ActiveCfg = Debug|Any CPU
		{3B13A675-C36A-4D2B-8EDE-F7F9B67CD016}.Debug|Any CPU.Build.0 = Debug|Any CPU
		{3B13A675-C36A-4D2B-8EDE-F7F9B67CD016}.Release|Any CPU.ActiveCfg = Release|Any CPU
		{3B13A675-C36A-4D2B-8EDE-F7F9B67CD016}.Release|Any CPU.Build.0 = Release|Any CPU
		{B9489F92-8140-4F73-94DC-7494628B70FC}.Debug|Any CPU.ActiveCfg = Debug|Any CPU
		{B9489F92-8140-4F73-94DC-7494628B70FC}.Debug|Any CPU.Build.0 = Debug|Any CPU
		{B9489F92-8140-4F73-94DC-7494628B70FC}.Release|Any CPU.ActiveCfg = Release|Any CPU
		{B9489F92-8140-4F73-94DC-7494628B70FC}.Release|Any CPU.Build.0 = Release|Any CPU
		{6FE7A03C-2ECB-4199-8514-1C35DA173A65}.Debug|Any CPU.ActiveCfg = Debug|Any CPU
		{6FE7A03C-2ECB-4199-8514-1C35DA173A65}.Debug|Any CPU.Build.0 = Debug|Any CPU
		{6FE7A03C-2ECB-4199-8514-1C35DA173A65}.Release|Any CPU.ActiveCfg = Release|Any CPU
		{6FE7A03C-2ECB-4199-8514-1C35DA173A65}.Release|Any CPU.Build.0 = Release|Any CPU
		{A8083816-083F-4A5A-A682-A121F785093A}.Debug|Any CPU.ActiveCfg = Debug|Any CPU
		{A8083816-083F-4A5A-A682-A121F785093A}.Debug|Any CPU.Build.0 = Debug|Any CPU
		{A8083816-083F-4A5A-A682-A121F785093A}.Release|Any CPU.ActiveCfg = Release|Any CPU
		{A8083816-083F-4A5A-A682-A121F785093A}.Release|Any CPU.Build.0 = Release|Any CPU
		{2842ECCA-FFA2-4C1C-AA0F-27B1CE938591}.Debug|Any CPU.ActiveCfg = Debug|Any CPU
		{2842ECCA-FFA2-4C1C-AA0F-27B1CE938591}.Debug|Any CPU.Build.0 = Debug|Any CPU
		{2842ECCA-FFA2-4C1C-AA0F-27B1CE938591}.Release|Any CPU.ActiveCfg = Release|Any CPU
		{2842ECCA-FFA2-4C1C-AA0F-27B1CE938591}.Release|Any CPU.Build.0 = Release|Any CPU
		{317A4FC6-A405-4358-8D1A-F2E82D5ADF14}.Debug|Any CPU.ActiveCfg = Debug|Any CPU
		{317A4FC6-A405-4358-8D1A-F2E82D5ADF14}.Debug|Any CPU.Build.0 = Debug|Any CPU
		{317A4FC6-A405-4358-8D1A-F2E82D5ADF14}.Release|Any CPU.ActiveCfg = Release|Any CPU
		{317A4FC6-A405-4358-8D1A-F2E82D5ADF14}.Release|Any CPU.Build.0 = Release|Any CPU
		{BBC5094D-2B53-48B0-8E8D-0B44314BD317}.Debug|Any CPU.ActiveCfg = Debug|Any CPU
		{BBC5094D-2B53-48B0-8E8D-0B44314BD317}.Debug|Any CPU.Build.0 = Debug|Any CPU
		{BBC5094D-2B53-48B0-8E8D-0B44314BD317}.Release|Any CPU.ActiveCfg = Release|Any CPU
		{BBC5094D-2B53-48B0-8E8D-0B44314BD317}.Release|Any CPU.Build.0 = Release|Any CPU
		{8260BB5B-E4A3-4AD7-92A6-F019C334E88C}.Debug|Any CPU.ActiveCfg = Debug|Any CPU
		{8260BB5B-E4A3-4AD7-92A6-F019C334E88C}.Debug|Any CPU.Build.0 = Debug|Any CPU
		{8260BB5B-E4A3-4AD7-92A6-F019C334E88C}.Release|Any CPU.ActiveCfg = Release|Any CPU
		{8260BB5B-E4A3-4AD7-92A6-F019C334E88C}.Release|Any CPU.Build.0 = Release|Any CPU
		{E2208C73-EB2D-4CDE-90DC-ECDE6B6CE27E}.Debug|Any CPU.ActiveCfg = Debug|Any CPU
		{E2208C73-EB2D-4CDE-90DC-ECDE6B6CE27E}.Debug|Any CPU.Build.0 = Debug|Any CPU
		{E2208C73-EB2D-4CDE-90DC-ECDE6B6CE27E}.Release|Any CPU.ActiveCfg = Release|Any CPU
		{E2208C73-EB2D-4CDE-90DC-ECDE6B6CE27E}.Release|Any CPU.Build.0 = Release|Any CPU
		{CE459382-0F46-431C-8DAD-07690CB55FC2}.Debug|Any CPU.ActiveCfg = Debug|Any CPU
		{CE459382-0F46-431C-8DAD-07690CB55FC2}.Debug|Any CPU.Build.0 = Debug|Any CPU
		{CE459382-0F46-431C-8DAD-07690CB55FC2}.Release|Any CPU.ActiveCfg = Release|Any CPU
		{CE459382-0F46-431C-8DAD-07690CB55FC2}.Release|Any CPU.Build.0 = Release|Any CPU
		{2A62B07D-0A7B-466A-A689-77E9968EFC95}.Debug|Any CPU.ActiveCfg = Debug|Any CPU
		{2A62B07D-0A7B-466A-A689-77E9968EFC95}.Debug|Any CPU.Build.0 = Debug|Any CPU
		{2A62B07D-0A7B-466A-A689-77E9968EFC95}.Release|Any CPU.ActiveCfg = Release|Any CPU
		{2A62B07D-0A7B-466A-A689-77E9968EFC95}.Release|Any CPU.Build.0 = Release|Any CPU
		{D74E408C-A2CC-45F1-A752-19CC3EC30F73}.Debug|Any CPU.ActiveCfg = Debug|Any CPU
		{D74E408C-A2CC-45F1-A752-19CC3EC30F73}.Debug|Any CPU.Build.0 = Debug|Any CPU
		{D74E408C-A2CC-45F1-A752-19CC3EC30F73}.Release|Any CPU.ActiveCfg = Release|Any CPU
		{D74E408C-A2CC-45F1-A752-19CC3EC30F73}.Release|Any CPU.Build.0 = Release|Any CPU
		{8CC67BAD-C296-4BBF-B57F-E964C232E5C4}.Debug|Any CPU.ActiveCfg = Debug|Any CPU
		{8CC67BAD-C296-4BBF-B57F-E964C232E5C4}.Debug|Any CPU.Build.0 = Debug|Any CPU
		{8CC67BAD-C296-4BBF-B57F-E964C232E5C4}.Release|Any CPU.ActiveCfg = Release|Any CPU
		{8CC67BAD-C296-4BBF-B57F-E964C232E5C4}.Release|Any CPU.Build.0 = Release|Any CPU
		{C8E44908-4DCE-4768-858A-EA74E92EFAA2}.Debug|Any CPU.ActiveCfg = Debug|Any CPU
		{C8E44908-4DCE-4768-858A-EA74E92EFAA2}.Debug|Any CPU.Build.0 = Debug|Any CPU
		{C8E44908-4DCE-4768-858A-EA74E92EFAA2}.Release|Any CPU.ActiveCfg = Release|Any CPU
		{C8E44908-4DCE-4768-858A-EA74E92EFAA2}.Release|Any CPU.Build.0 = Release|Any CPU
		{66A8271C-7D88-4FDC-9A44-44227F5E9641}.Debug|Any CPU.ActiveCfg = Debug|Any CPU
		{66A8271C-7D88-4FDC-9A44-44227F5E9641}.Debug|Any CPU.Build.0 = Debug|Any CPU
		{66A8271C-7D88-4FDC-9A44-44227F5E9641}.Release|Any CPU.ActiveCfg = Release|Any CPU
		{66A8271C-7D88-4FDC-9A44-44227F5E9641}.Release|Any CPU.Build.0 = Release|Any CPU
	EndGlobalSection
	GlobalSection(SolutionProperties) = preSolution
		HideSolutionNode = FALSE
	EndGlobalSection
	GlobalSection(NestedProjects) = preSolution
		{B373945B-D575-4F7F-A7AC-833DD6C61189} = {D242EB7C-1B2D-4336-B69B-C15C6F643624}
		{40861407-2DAA-4E80-AF4C-2960383438FB} = {D242EB7C-1B2D-4336-B69B-C15C6F643624}
		{F5201968-F0A8-4949-8966-E53C132CC044} = {40861407-2DAA-4E80-AF4C-2960383438FB}
		{B55E5A1C-4294-4027-A937-7115453FA083} = {40861407-2DAA-4E80-AF4C-2960383438FB}
		{BF7D0367-3A10-4957-B571-495A2AEE5FF3} = {B373945B-D575-4F7F-A7AC-833DD6C61189}
		{98534EA1-F0D9-4AF0-8578-82DFE921CD65} = {B373945B-D575-4F7F-A7AC-833DD6C61189}
		{8230214D-20BB-408D-B718-F77F6EBB9F7E} = {B373945B-D575-4F7F-A7AC-833DD6C61189}
		{79F5BA8D-F88C-42C8-A62E-2893CA18A4C4} = {B373945B-D575-4F7F-A7AC-833DD6C61189}
		{3B13A675-C36A-4D2B-8EDE-F7F9B67CD016} = {40861407-2DAA-4E80-AF4C-2960383438FB}
		{B9489F92-8140-4F73-94DC-7494628B70FC} = {F5201968-F0A8-4949-8966-E53C132CC044}
		{6FE7A03C-2ECB-4199-8514-1C35DA173A65} = {F5201968-F0A8-4949-8966-E53C132CC044}
		{A8083816-083F-4A5A-A682-A121F785093A} = {F5201968-F0A8-4949-8966-E53C132CC044}
		{2842ECCA-FFA2-4C1C-AA0F-27B1CE938591} = {B55E5A1C-4294-4027-A937-7115453FA083}
		{317A4FC6-A405-4358-8D1A-F2E82D5ADF14} = {B55E5A1C-4294-4027-A937-7115453FA083}
		{1D789254-9544-4008-89ED-391FEF3E8973} = {2415DC03-7838-417C-84EB-FF8F1255D7B3}
		{EEDF37EC-E84D-423A-9ED3-499940FE7636} = {2415DC03-7838-417C-84EB-FF8F1255D7B3}
		{BBC5094D-2B53-48B0-8E8D-0B44314BD317} = {1D789254-9544-4008-89ED-391FEF3E8973}
		{C03982BF-A9A9-4159-8ACC-FFF0C6AB1767} = {EEDF37EC-E84D-423A-9ED3-499940FE7636}
		{8260BB5B-E4A3-4AD7-92A6-F019C334E88C} = {EEDF37EC-E84D-423A-9ED3-499940FE7636}
		{E2208C73-EB2D-4CDE-90DC-ECDE6B6CE27E} = {C03982BF-A9A9-4159-8ACC-FFF0C6AB1767}
		{99BD53A3-16E6-417A-98FA-7DCC7D2E5ACF} = {EEDF37EC-E84D-423A-9ED3-499940FE7636}
		{CE459382-0F46-431C-8DAD-07690CB55FC2} = {99BD53A3-16E6-417A-98FA-7DCC7D2E5ACF}
		{2A62B07D-0A7B-466A-A689-77E9968EFC95} = {B55E5A1C-4294-4027-A937-7115453FA083}
		{22001DF7-9687-4199-999A-9AFB02DB3A44} = {26AB1AD0-A71D-4C0B-9318-BC02A8E585E9}
		{D74E408C-A2CC-45F1-A752-19CC3EC30F73} = {22001DF7-9687-4199-999A-9AFB02DB3A44}
		{8CC67BAD-C296-4BBF-B57F-E964C232E5C4} = {22001DF7-9687-4199-999A-9AFB02DB3A44}
		{C8E44908-4DCE-4768-858A-EA74E92EFAA2} = {B373945B-D575-4F7F-A7AC-833DD6C61189}
		{66A8271C-7D88-4FDC-9A44-44227F5E9641} = {22001DF7-9687-4199-999A-9AFB02DB3A44}
	EndGlobalSection
	GlobalSection(ExtensibilityGlobals) = postSolution
		SolutionGuid = {4BA33859-9FF2-4180-89DA-4A79F2F13310}
	EndGlobalSection
EndGlobal
